# THIS IS AN AUTOGENERATED FILE. DO NOT EDIT THIS FILE DIRECTLY.
# yarn lockfile v1


"@types/lodash@4.14.44":
  version "4.14.44"
  resolved "https://registry.yarnpkg.com/@types/lodash/-/lodash-4.14.44.tgz#04585ff0b80d5e434a5f86f15e7964be4f775cba"
  integrity sha1-BFhf8LgNXkNKX4bxXnlkvk93XLo=

"@types/serialize-error@^2.1.0":
  version "2.1.0"
  resolved "https://registry.yarnpkg.com/@types/serialize-error/-/serialize-error-2.1.0.tgz#c396478e44bfef21648d827f94416d29c78ef99a"
  integrity sha512-PXQYOySu+YjmtSKxWkXn00H3e4anQMiCaDw0Km7EHfM2/Da79Vni3Mt1QuKP9fmBobaLxN+3vjhSowjQp6XY9g==

lodash@4.17.3:
  version "4.17.3"
  resolved "https://registry.yarnpkg.com/lodash/-/lodash-4.17.3.tgz#557ed7d2a9438cac5fd5a43043ca60cb455e01f7"
  integrity sha1-VX7X0qlDjKxf1aQwQ8pgy0VeAfc=

serialize-error@2.1.0:
  version "2.1.0"
  resolved "https://registry.yarnpkg.com/serialize-error/-/serialize-error-2.1.0.tgz#50b679d5635cdf84667bdc8e59af4e5b81d5f60a"
  integrity sha1-ULZ51WNc34Rme9yOWa9OW4HV9go=

typescript@^3.0.1:
  version "3.1.3"
  resolved "https://registry.yarnpkg.com/typescript/-/typescript-3.1.3.tgz#01b70247a6d3c2467f70c45795ef5ea18ce191d5"
  integrity sha512-+81MUSyX+BaSo+u2RbozuQk/UWx6hfG0a5gHu4ANEM4sU96XbuIyAB+rWBW1u70c6a5QuZfuYICn3s2UjuHUpA==
